version = 1
requires-python = ">=3.12"

[[package]]
name = "ds-launchpad"
version = "0.1.0"
source = { virtual = "." }
dependencies = [
    { name = "polars" },
]

[package.metadata]
requires-dist = [{ name = "polars", specifier = ">=1.18.0" }]

[[package]]
name = "polars"
version = "1.18.0"
source = { registry = "https://pypi.org/simple" }
sdist = { url = "https://files.pythonhosted.org/packages/9b/57/821f6b625e63516bf5f0ba428618dd013c43fd79b20e722c454a978cbefe/polars-1.18.0.tar.gz", hash = "sha256:5c2f119555ae8d822a5322509c6abd91601a8931115d2e4c3fff13fadf39e877", size = 4257494 }
wheels = [
    { url = "https://files.pythonhosted.org/packages/4e/df/289578844b299f97125178ad6db60dc1b494ec8d813d397118f2493c392a/polars-1.18.0-cp39-abi3-macosx_10_12_x86_64.whl", hash = "sha256:27a6c7e5d2d15afb5f06291433019411c9a28e59e49741442d11a6a945f21daa", size = 29067782 },
    { url = "https://files.pythonhosted.org/packages/7b/79/cdc5d888a5f858f5c572d3a3a8fa65724d4426aa9edbfd6461d3dc85bc47/polars-1.18.0-cp39-abi3-macosx_11_0_arm64.whl", hash = "sha256:6431563aee2dfa6787b0debbed3f565ebb4322da32317d95c8eac3e48330bc28", size = 25807696 },
    { url = "https://files.pythonhosted.org/packages/f4/cd/cd49096ead3dd208495945021d3042dad01d0dd63702b6f4f4f7e3a3983b/polars-1.18.0-cp39-abi3-manylinux_2_17_x86_64.manylinux2014_x86_64.whl", hash = "sha256:a333ff578373e29e0cacc79c35afe42c0620813c9b0c832009ab8b330e421093", size = 32287987 },
    { url = "https://files.pythonhosted.org/packages/66/28/7eb57b1f37f7c0206baf1877d0dcd082518ef3de34fe8621190b6da4801b/polars-1.18.0-cp39-abi3-manylinux_2_24_aarch64.whl", hash = "sha256:3a3a65a3ad6b6b0bd61a33f215856cfdd3e3abc9942e69526b2b88c0ef8683a4", size = 29314336 },
    { url = "https://files.pythonhosted.org/packages/09/9e/184f777b41bba086463771edf7dbd3ba13c071222117ab5c19c99e76bc66/polars-1.18.0-cp39-abi3-win_amd64.whl", hash = "sha256:a79ef2542454d9cace63e8fa528cf808b6377077173be522df9b8c0e792ce96a", size = 32356143 },
    { url = "https://files.pythonhosted.org/packages/2c/dc/5b3345688bb14cda0ea23f42c96553aa75c4b8a6992f38cac0df6a44ec31/polars-1.18.0-cp39-abi3-win_arm64.whl", hash = "sha256:52b543da52f4f6a661a2fa3cdd4b499938bdb34eeae538ec3bcef6c8c41bfc33", size = 28631561 },
]
